
Microsoft Visual Studio Solution File, Format Version 12.00
# Visual Studio Version 16
VisualStudioVersion = 16.0.31911.196
MinimumVisualStudioVersion = 10.0.40219.1
Project("{FAE04EC0-301F-11D3-BF4B-00C04F79EFBC}") = "Controller", "Controller\Controller.csproj", "{A9F32149-0939-4365-AE52-C60B5FBD5D73}"
EndProject
Project("{FAE04EC0-301F-11D3-BF4B-00C04F79EFBC}") = "View", "View\View.csproj", "{30006102-AD76-4EBD-A39B-295BE816CD0F}"
EndProject
Global
	GlobalSection(SolutionConfigurationPlatforms) = preSolution
		Debug|Any CPU = Debug|Any CPU
		Release|Any CPU = Release|Any CPU
	EndGlobalSection
	GlobalSection(ProjectConfigurationPlatforms) = postSolution
		{A9F32149-0939-4365-AE52-C60B5FBD5D73}.Debug|Any CPU.ActiveCfg = Debug|Any CPU
		{A9F32149-0939-4365-AE52-C60B5FBD5D73}.Debug|Any CPU.Build.0 = Debug|Any CPU
		{A9F32149-0939-4365-AE52-C60B5FBD5D73}.Release|Any CPU.ActiveCfg = Release|Any CPU
		{A9F32149-0939-4365-AE52-C60B5FBD5D73}.Release|Any CPU.Build.0 = Release|Any CPU
		{30006102-AD76-4EBD-A39B-295BE816CD0F}.Debug|Any CPU.ActiveCfg = Debug|Any CPU
		{30006102-AD76-4EBD-A39B-295BE816CD0F}.Debug|Any CPU.Build.0 = Debug|Any CPU
		{30006102-AD76-4EBD-A39B-295BE816CD0F}.Release|Any CPU.ActiveCfg = Release|Any CPU
		{30006102-AD76-4EBD-A39B-295BE816CD0F}.Release|Any CPU.Build.0 = Release|Any CPU
	EndGlobalSection
	GlobalSection(SolutionProperties) = preSolution
		HideSolutionNode = FALSE
	EndGlobalSection
	GlobalSection(ExtensibilityGlobals) = postSolution
		SolutionGuid = {DC2A6D0E-ED4F-47FD-84E6-6E172F786A17}
	EndGlobalSection
EndGlobal
